PODS:
  - Kiwi (2.3.1)
  - NJHNavigationBarSelectorPageViewController (0.2.6)

DEPENDENCIES:
  - Kiwi
  - NJHNavigationBarSelectorPageViewController (from `../`)

EXTERNAL SOURCES:
  NJHNavigationBarSelectorPageViewController:
    :path: "../"

SPEC CHECKSUMS:
  Kiwi: f038a6c61f7a9e4d7766bff5717aa3b3fdb75f55
  NJHNavigationBarSelectorPageViewController: dee6872710a410e8a69b33f90108b58f8474df0a

PODFILE CHECKSUM: 4229236e01814e65a329d00edfbc605c802a7614

COCOAPODS: 1.0.0.beta.2
